// !$*UTF8*$!
{
	archiveVersion = 1;
	classes = {
	};
	objectVersion = 46;
	objects = {

/* Begin PBXBuildFile section */
		0533BE141D876EB0001FB7AA /* GoogleService-Info.plist in Resources */ = {isa = PBXBuildFile; fileRef = 0533BE131D876EB0001FB7AA /* GoogleService-Info.plist */; };
		055CBB3B1D87716800D05736 /* LoginViewController.swift in Sources */ = {isa = PBXBuildFile; fileRef = 055CBB3A1D87716800D05736 /* LoginViewController.swift */; };
		055CBB3D1D87727E00D05736 /* MainViewController.swift in Sources */ = {isa = PBXBuildFile; fileRef = 055CBB3C1D87727E00D05736 /* MainViewController.swift */; };
		055CBB431D87733400D05736 /* FindViewController.swift in Sources */ = {isa = PBXBuildFile; fileRef = 055CBB421D87733400D05736 /* FindViewController.swift */; };
		055CBB451D878D3D00D05736 /* Pokemon.swift in Sources */ = {isa = PBXBuildFile; fileRef = 055CBB441D878D3D00D05736 /* Pokemon.swift */; };
		05756D131D875FD700F22EEE /* AppDelegate.swift in Sources */ = {isa = PBXBuildFile; fileRef = 05756D121D875FD700F22EEE /* AppDelegate.swift */; };
		05756D181D875FD700F22EEE /* Main.storyboard in Resources */ = {isa = PBXBuildFile; fileRef = 05756D161D875FD700F22EEE /* Main.storyboard */; };
		05756D1A1D875FD700F22EEE /* Assets.xcassets in Resources */ = {isa = PBXBuildFile; fileRef = 05756D191D875FD700F22EEE /* Assets.xcassets */; };
		05756D1D1D875FD700F22EEE /* LaunchScreen.storyboard in Resources */ = {isa = PBXBuildFile; fileRef = 05756D1B1D875FD700F22EEE /* LaunchScreen.storyboard */; };
		05DBEAFF1D879B43000C202B /* Util.swift in Sources */ = {isa = PBXBuildFile; fileRef = 05DBEAFE1D879B43000C202B /* Util.swift */; };
		05DBEB011D87A925000C202B /* TrainerViewController.swift in Sources */ = {isa = PBXBuildFile; fileRef = 05DBEB001D87A925000C202B /* TrainerViewController.swift */; };
		69BAB9C17722D10503199CBD /* Pods_PokeFirebase.framework in Frameworks */ = {isa = PBXBuildFile; fileRef = 40FC3C156240FD07A1F43A8B /* Pods_PokeFirebase.framework */; };
/* End PBXBuildFile section */

/* Begin PBXFileReference section */
		0533BE131D876EB0001FB7AA /* GoogleService-Info.plist */ = {isa = PBXFileReference; fileEncoding = 4; lastKnownFileType = text.plist.xml; path = "GoogleService-Info.plist"; sourceTree = "<group>"; };
		055CBB3A1D87716800D05736 /* LoginViewController.swift */ = {isa = PBXFileReference; fileEncoding = 4; lastKnownFileType = sourcecode.swift; path = LoginViewController.swift; sourceTree = "<group>"; };
		055CBB3C1D87727E00D05736 /* MainViewController.swift */ = {isa = PBXFileReference; fileEncoding = 4; lastKnownFileType = sourcecode.swift; path = MainViewController.swift; sourceTree = "<group>"; };
		055CBB421D87733400D05736 /* FindViewController.swift */ = {isa = PBXFileReference; fileEncoding = 4; lastKnownFileType = sourcecode.swift; path = FindViewController.swift; sourceTree = "<group>"; };
		055CBB441D878D3D00D05736 /* Pokemon.swift */ = {isa = PBXFileReference; fileEncoding = 4; lastKnownFileType = sourcecode.swift; path = Pokemon.swift; sourceTree = "<group>"; };
		05756D0F1D875FD600F22EEE /* PokeFirebase.app */ = {isa = PBXFileReference; explicitFileType = wrapper.application; includeInIndex = 0; path = PokeFirebase.app; sourceTree = BUILT_PRODUCTS_DIR; };
		05756D121D875FD700F22EEE /* AppDelegate.swift */ = {isa = PBXFileReference; lastKnownFileType = sourcecode.swift; path = AppDelegate.swift; sourceTree = "<group>"; };
		05756D171D875FD700F22EEE /* Base */ = {isa = PBXFileReference; lastKnownFileType = file.storyboard; name = Base; path = Base.lproj/Main.storyboard; sourceTree = "<group>"; };
		05756D191D875FD700F22EEE /* Assets.xcassets */ = {isa = PBXFileReference; lastKnownFileType = folder.assetcatalog; path = Assets.xcassets; sourceTree = "<group>"; };
		05756D1C1D875FD700F22EEE /* Base */ = {isa = PBXFileReference; lastKnownFileType = file.storyboard; name = Base; path = Base.lproj/LaunchScreen.storyboard; sourceTree = "<group>"; };
		05756D1E1D875FD700F22EEE /* Info.plist */ = {isa = PBXFileReference; lastKnownFileType = text.plist.xml; path = Info.plist; sourceTree = "<group>"; };
		05DBEAFE1D879B43000C202B /* Util.swift */ = {isa = PBXFileReference; fileEncoding = 4; lastKnownFileType = sourcecode.swift; path = Util.swift; sourceTree = "<group>"; };
		05DBEB001D87A925000C202B /* TrainerViewController.swift */ = {isa = PBXFileReference; fileEncoding = 4; lastKnownFileType = sourcecode.swift; path = TrainerViewController.swift; sourceTree = "<group>"; };
		138F4A91ADFD084F380BBA10 /* Pods-PokeFirebase.debug.xcconfig */ = {isa = PBXFileReference; includeInIndex = 1; lastKnownFileType = text.xcconfig; name = "Pods-PokeFirebase.debug.xcconfig"; path = "Pods/Target Support Files/Pods-PokeFirebase/Pods-PokeFirebase.debug.xcconfig"; sourceTree = "<group>"; };
		40FC3C156240FD07A1F43A8B /* Pods_PokeFirebase.framework */ = {isa = PBXFileReference; explicitFileType = wrapper.framework; includeInIndex = 0; path = Pods_PokeFirebase.framework; sourceTree = BUILT_PRODUCTS_DIR; };
		5FF30778C34FB7B217E82CA8 /* Pods-PokeFirebase.release.xcconfig */ = {isa = PBXFileReference; includeInIndex = 1; lastKnownFileType = text.xcconfig; name = "Pods-PokeFirebase.release.xcconfig"; path = "Pods/Target Support Files/Pods-PokeFirebase/Pods-PokeFirebase.release.xcconfig"; sourceTree = "<group>"; };
/* End PBXFileReference section */

/* Begin PBXFrameworksBuildPhase section */
		05756D0C1D875FD600F22EEE /* Frameworks */ = {
			isa = PBXFrameworksBuildPhase;
			buildActionMask = 2147483647;
			files = (
				69BAB9C17722D10503199CBD /* Pods_PokeFirebase.framework in Frameworks */,
			);
			runOnlyForDeploymentPostprocessing = 0;
		};
/* End PBXFrameworksBuildPhase section */

/* Begin PBXGroup section */
		05756D061D875FD600F22EEE = {
			isa = PBXGroup;
			children = (
				05756D111D875FD700F22EEE /* PokeFirebase */,
				05756D101D875FD600F22EEE /* Products */,
				3925A714452F3781A23ED6EA /* Pods */,
				12ED4BDC747336FEE19CC4E1 /* Frameworks */,
			);
			sourceTree = "<group>";
		};
		05756D101D875FD600F22EEE /* Products */ = {
			isa = PBXGroup;
			children = (
				05756D0F1D875FD600F22EEE /* PokeFirebase.app */,
			);
			name = Products;
			sourceTree = "<group>";
		};
		05756D111D875FD700F22EEE /* PokeFirebase */ = {
			isa = PBXGroup;
			children = (
				05DBEAFE1D879B43000C202B /* Util.swift */,
				05756D121D875FD700F22EEE /* AppDelegate.swift */,
				05756D161D875FD700F22EEE /* Main.storyboard */,
				05DBEB001D87A925000C202B /* TrainerViewController.swift */,
				055CBB3A1D87716800D05736 /* LoginViewController.swift */,
				055CBB3C1D87727E00D05736 /* MainViewController.swift */,
				055CBB441D878D3D00D05736 /* Pokemon.swift */,
				05756D191D875FD700F22EEE /* Assets.xcassets */,
				05756D1B1D875FD700F22EEE /* LaunchScreen.storyboard */,
				05756D1E1D875FD700F22EEE /* Info.plist */,
				0533BE131D876EB0001FB7AA /* GoogleService-Info.plist */,
				055CBB421D87733400D05736 /* FindViewController.swift */,
			);
			path = PokeFirebase;
			sourceTree = "<group>";
		};
		12ED4BDC747336FEE19CC4E1 /* Frameworks */ = {
			isa = PBXGroup;
			children = (
				40FC3C156240FD07A1F43A8B /* Pods_PokeFirebase.framework */,
			);
			name = Frameworks;
			sourceTree = "<group>";
		};
		3925A714452F3781A23ED6EA /* Pods */ = {
			isa = PBXGroup;
			children = (
				138F4A91ADFD084F380BBA10 /* Pods-PokeFirebase.debug.xcconfig */,
				5FF30778C34FB7B217E82CA8 /* Pods-PokeFirebase.release.xcconfig */,
			);
			name = Pods;
			sourceTree = "<group>";
		};
/* End PBXGroup section */

/* Begin PBXNativeTarget section */
		05756D0E1D875FD600F22EEE /* PokeFirebase */ = {
			isa = PBXNativeTarget;
			buildConfigurationList = 05756D211D875FD700F22EEE /* Build configuration list for PBXNativeTarget "PokeFirebase" */;
			buildPhases = (
				A7DA6357B623F814657457E3 /* 📦 Check Pods Manifest.lock */,
				05756D0B1D875FD600F22EEE /* Sources */,
				05756D0C1D875FD600F22EEE /* Frameworks */,
				05756D0D1D875FD600F22EEE /* Resources */,
				249EFD913F190361A131832D /* 📦 Embed Pods Frameworks */,
				9EFCB06A2A3E770B51CB938A /* 📦 Copy Pods Resources */,
			);
			buildRules = (
			);
			dependencies = (
			);
			name = PokeFirebase;
			productName = PokeFirebase;
			productReference = 05756D0F1D875FD600F22EEE /* PokeFirebase.app */;
			productType = "com.apple.product-type.application";
		};
/* End PBXNativeTarget section */

/* Begin PBXProject section */
		05756D071D875FD600F22EEE /* Project object */ = {
			isa = PBXProject;
			attributes = {
				LastSwiftUpdateCheck = 0730;
				LastUpgradeCheck = 0730;
				ORGANIZATIONNAME = "Gabo Lugo";
				TargetAttributes = {
					05756D0E1D875FD600F22EEE = {
						CreatedOnToolsVersion = 7.3.1;
						DevelopmentTeam = 9QU33VE298;
					};
				};
			};
			buildConfigurationList = 05756D0A1D875FD600F22EEE /* Build configuration list for PBXProject "PokeFirebase" */;
			compatibilityVersion = "Xcode 3.2";
			developmentRegion = English;
			hasScannedForEncodings = 0;
			knownRegions = (
				en,
				Base,
			);
			mainGroup = 05756D061D875FD600F22EEE;
			productRefGroup = 05756D101D875FD600F22EEE /* Products */;
			projectDirPath = "";
			projectRoot = "";
			targets = (
				05756D0E1D875FD600F22EEE /* PokeFirebase */,
			);
		};
/* End PBXProject section */

/* Begin PBXResourcesBuildPhase section */
		05756D0D1D875FD600F22EEE /* Resources */ = {
			isa = PBXResourcesBuildPhase;
			buildActionMask = 2147483647;
			files = (
				05756D1D1D875FD700F22EEE /* LaunchScreen.storyboard in Resources */,
				0533BE141D876EB0001FB7AA /* GoogleService-Info.plist in Resources */,
				05756D1A1D875FD700F22EEE /* Assets.xcassets in Resources */,
				05756D181D875FD700F22EEE /* Main.storyboard in Resources */,
			);
			runOnlyForDeploymentPostprocessing = 0;
		};
/* End PBXResourcesBuildPhase section */

/* Begin PBXShellScriptBuildPhase section */
		249EFD913F190361A131832D /* 📦 Embed Pods Frameworks */ = {
			isa = PBXShellScriptBuildPhase;
			buildActionMask = 2147483647;
			files = (
			);
			inputPaths = (
			);
			name = "📦 Embed Pods Frameworks";
			outputPaths = (
			);
			runOnlyForDeploymentPostprocessing = 0;
			shellPath = /bin/sh;
			shellScript = "\"${SRCROOT}/Pods/Target Support Files/Pods-PokeFirebase/Pods-PokeFirebase-frameworks.sh\"\n";
			showEnvVarsInLog = 0;
		};
		9EFCB06A2A3E770B51CB938A /* 📦 Copy Pods Resources */ = {
			isa = PBXShellScriptBuildPhase;
			buildActionMask = 2147483647;
			files = (
			);
			inputPaths = (
			);
			name = "📦 Copy Pods Resources";
			outputPaths = (
			);
			runOnlyForDeploymentPostprocessing = 0;
			shellPath = /bin/sh;
			shellScript = "\"${SRCROOT}/Pods/Target Support Files/Pods-PokeFirebase/Pods-PokeFirebase-resources.sh\"\n";
			showEnvVarsInLog = 0;
		};
		A7DA6357B623F814657457E3 /* 📦 Check Pods Manifest.lock */ = {
			isa = PBXShellScriptBuildPhase;
			buildActionMask = 2147483647;
			files = (
			);
			inputPaths = (
			);
			name = "📦 Check Pods Manifest.lock";
			outputPaths = (
			);
			runOnlyForDeploymentPostprocessing = 0;
			shellPath = /bin/sh;
			shellScript = "diff \"${PODS_ROOT}/../Podfile.lock\" \"${PODS_ROOT}/Manifest.lock\" > /dev/null\nif [[ $? != 0 ]] ; then\n    cat << EOM\nerror: The sandbox is not in sync with the Podfile.lock. Run 'pod install' or update your CocoaPods installation.\nEOM\n    exit 1\nfi\n";
			showEnvVarsInLog = 0;
		};
/* End PBXShellScriptBuildPhase section */

/* Begin PBXSourcesBuildPhase section */
		05756D0B1D875FD600F22EEE /* Sources */ = {
			isa = PBXSourcesBuildPhase;
			buildActionMask = 2147483647;
			files = (
				055CBB451D878D3D00D05736 /* Pokemon.swift in Sources */,
				05DBEAFF1D879B43000C202B /* Util.swift in Sources */,
				05DBEB011D87A925000C202B /* TrainerViewController.swift in Sources */,
				055CBB3D1D87727E00D05736 /* MainViewController.swift in Sources */,
				055CBB3B1D87716800D05736 /* LoginViewController.swift in Sources */,
				05756D131D875FD700F22EEE /* AppDelegate.swift in Sources */,
				055CBB431D87733400D05736 /* FindViewController.swift in Sources */,
			);
			runOnlyForDeploymentPostprocessing = 0;
		};
/* End PBXSourcesBuildPhase section */

/* Begin PBXVariantGroup section */
		05756D161D875FD700F22EEE /* Main.storyboard */ = {
			isa = PBXVariantGroup;
			children = (
				05756D171D875FD700F22EEE /* Base */,
			);
			name = Main.storyboard;
			sourceTree = "<group>";
		};
		05756D1B1D875FD700F22EEE /* LaunchScreen.storyboard */ = {
			isa = PBXVariantGroup;
			children = (
				05756D1C1D875FD700F22EEE /* Base */,
			);
			name = LaunchScreen.storyboard;
			sourceTree = "<group>";
		};
/* End PBXVariantGroup section */

/* Begin XCBuildConfiguration section */
		05756D1F1D875FD700F22EEE /* Debug */ = {
			isa = XCBuildConfiguration;
			buildSettings = {
				ALWAYS_SEARCH_USER_PATHS = NO;
				CLANG_ANALYZER_NONNULL = YES;
				CLANG_CXX_LANGUAGE_STANDARD = "gnu++0x";
				CLANG_CXX_LIBRARY = "libc++";
				CLANG_ENABLE_MODULES = YES;
				CLANG_ENABLE_OBJC_ARC = YES;
				CLANG_WARN_BOOL_CONVERSION = YES;
				CLANG_WARN_CONSTANT_CONVERSION = YES;
				CLANG_WARN_DIRECT_OBJC_ISA_USAGE = YES_ERROR;
				CLANG_WARN_EMPTY_BODY = YES;
				CLANG_WARN_ENUM_CONVERSION = YES;
				CLANG_WARN_INT_CONVERSION = YES;
				CLANG_WARN_OBJC_ROOT_CLASS = YES_ERROR;
				CLANG_WARN_UNREACHABLE_CODE = YES;
				CLANG_WARN__DUPLICATE_METHOD_MATCH = YES;
				"CODE_SIGN_IDENTITY[sdk=iphoneos*]" = "iPhone Developer";
				COPY_PHASE_STRIP = NO;
				DEBUG_INFORMATION_FORMAT = dwarf;
				ENABLE_STRICT_OBJC_MSGSEND = YES;
				ENABLE_TESTABILITY = YES;
				GCC_C_LANGUAGE_STANDARD = gnu99;
				GCC_DYNAMIC_NO_PIC = NO;
				GCC_NO_COMMON_BLOCKS = YES;
				GCC_OPTIMIZATION_LEVEL = 0;
				GCC_PREPROCESSOR_DEFINITIONS = (
					"DEBUG=1",
					"$(inherited)",
				);
				GCC_WARN_64_TO_32_BIT_CONVERSION = YES;
				GCC_WARN_ABOUT_RETURN_TYPE = YES_ERROR;
				GCC_WARN_UNDECLARED_SELECTOR = YES;
				GCC_WARN_UNINITIALIZED_AUTOS = YES_AGGRESSIVE;
				GCC_WARN_UNUSED_FUNCTION = YES;
				GCC_WARN_UNUSED_VARIABLE = YES;
				IPHONEOS_DEPLOYMENT_TARGET = 9.3;
				MTL_ENABLE_DEBUG_INFO = YES;
				ONLY_ACTIVE_ARCH = YES;
				SDKROOT = iphoneos;
				SWIFT_OPTIMIZATION_LEVEL = "-Onone";
				TARGETED_DEVICE_FAMILY = "1,2";
			};
			name = Debug;
		};
		05756D201D875FD700F22EEE /* Release */ = {
			isa = XCBuildConfiguration;
			buildSettings = {
				ALWAYS_SEARCH_USER_PATHS = NO;
				CLANG_ANALYZER_NONNULL = YES;
				CLANG_CXX_LANGUAGE_STANDARD = "gnu++0x";
				CLANG_CXX_LIBRARY = "libc++";
				CLANG_ENABLE_MODULES = YES;
				CLANG_ENABLE_OBJC_ARC = YES;
				CLANG_WARN_BOOL_CONVERSION = YES;
				CLANG_WARN_CONSTANT_CONVERSION = YES;
				CLANG_WARN_DIRECT_OBJC_ISA_USAGE = YES_ERROR;
				CLANG_WARN_EMPTY_BODY = YES;
				CLANG_WARN_ENUM_CONVERSION = YES;
				CLANG_WARN_INT_CONVERSION = YES;
				CLANG_WARN_OBJC_ROOT_CLASS = YES_ERROR;
				CLANG_WARN_UNREACHABLE_CODE = YES;
				CLANG_WARN__DUPLICATE_METHOD_MATCH = YES;
				"CODE_SIGN_IDENTITY[sdk=iphoneos*]" = "iPhone Developer";
				COPY_PHASE_STRIP = NO;
				DEBUG_INFORMATION_FORMAT = "dwarf-with-dsym";
				ENABLE_NS_ASSERTIONS = NO;
				ENABLE_STRICT_OBJC_MSGSEND = YES;
				GCC_C_LANGUAGE_STANDARD = gnu99;
				GCC_NO_COMMON_BLOCKS = YES;
				GCC_WARN_64_TO_32_BIT_CONVERSION = YES;
				GCC_WARN_ABOUT_RETURN_TYPE = YES_ERROR;
				GCC_WARN_UNDECLARED_SELECTOR = YES;
				GCC_WARN_UNINITIALIZED_AUTOS = YES_AGGRESSIVE;
				GCC_WARN_UNUSED_FUNCTION = YES;
				GCC_WARN_UNUSED_VARIABLE = YES;
				IPHONEOS_DEPLOYMENT_TARGET = 9.3;
				MTL_ENABLE_DEBUG_INFO = NO;
				SDKROOT = iphoneos;
				TARGETED_DEVICE_FAMILY = "1,2";
				VALIDATE_PRODUCT = YES;
			};
			name = Release;
		};
		05756D221D875FD700F22EEE /* Debug */ = {
			isa = XCBuildConfiguration;
			baseConfigurationReference = 138F4A91ADFD084F380BBA10 /* Pods-PokeFirebase.debug.xcconfig */;
			buildSettings = {
				ASSETCATALOG_COMPILER_APPICON_NAME = AppIcon;
				CODE_SIGN_IDENTITY = "iPhone Developer";
				INFOPLIST_FILE = PokeFirebase/Info.plist;
				LD_RUNPATH_SEARCH_PATHS = "$(inherited) @executable_path/Frameworks";
				PRODUCT_BUNDLE_IDENTIFIER = com.appworkz.PokeFirebase;
				PRODUCT_NAME = "$(TARGET_NAME)";
			};
			name = Debug;
		};
		05756D231D875FD700F22EEE /* Release */ = {
			isa = XCBuildConfiguration;
			baseConfigurationReference = 5FF30778C34FB7B217E82CA8 /* Pods-PokeFirebase.release.xcconfig */;
			buildSettings = {
				ASSETCATALOG_COMPILER_APPICON_NAME = AppIcon;
				CODE_SIGN_IDENTITY = "iPhone Developer";
				INFOPLIST_FILE = PokeFirebase/Info.plist;
				LD_RUNPATH_SEARCH_PATHS = "$(inherited) @executable_path/Frameworks";
				PRODUCT_BUNDLE_IDENTIFIER = com.appworkz.PokeFirebase;
				PRODUCT_NAME = "$(TARGET_NAME)";
			};
			name = Release;
		};
/* End XCBuildConfiguration section */

/* Begin XCConfigurationList section */
		05756D0A1D875FD600F22EEE /* Build configuration list for PBXProject "PokeFirebase" */ = {
			isa = XCConfigurationList;
			buildConfigurations = (
				05756D1F1D875FD700F22EEE /* Debug */,
				05756D201D875FD700F22EEE /* Release */,
			);
			defaultConfigurationIsVisible = 0;
			defaultConfigurationName = Release;
		};
		05756D211D875FD700F22EEE /* Build configuration list for PBXNativeTarget "PokeFirebase" */ = {
			isa = XCConfigurationList;
			buildConfigurations = (
				05756D221D875FD700F22EEE /* Debug */,
				05756D231D875FD700F22EEE /* Release */,
			);
			defaultConfigurationIsVisible = 0;
			defaultConfigurationName = Release;
		};
/* End XCConfigurationList section */
	};
	rootObject = 05756D071D875FD600F22EEE /* Project object */;
}
